
Microsoft Visual Studio Solution File, Format Version 12.00
# Visual Studio Version 16
VisualStudioVersion = 16.0.30717.126
MinimumVisualStudioVersion = 10.0.40219.1
Project("{9A19103F-16F7-4668-BE54-9A1E7A4F7556}") = "PartsUnlimited.Server", "PartsUnlimited\Server\PartsUnlimited.Server.csproj", "{F18611FB-ED75-46A8-BA74-8FEE6C325B69}"
EndProject
Project("{9A19103F-16F7-4668-BE54-9A1E7A4F7556}") = "PartsUnlimited.Client", "PartsUnlimited\Client\PartsUnlimited.Client.csproj", "{06870AC3-0A04-4366-BD42-09D5D951AA2A}"
EndProject
Project("{9A19103F-16F7-4668-BE54-9A1E7A4F7556}") = "PartsUnlimited.Shared", "PartsUnlimited\Shared\PartsUnlimited.Shared.csproj", "{90F012A8-A81D-45D8-9B30-9BABB4FDAA77}"
EndProject
Global
	GlobalSection(SolutionConfigurationPlatforms) = preSolution
		Debug|Any CPU = Debug|Any CPU
		Release|Any CPU = Release|Any CPU
	EndGlobalSection
	GlobalSection(ProjectConfigurationPlatforms) = postSolution
		{F18611FB-ED75-46A8-BA74-8FEE6C325B69}.Debug|Any CPU.ActiveCfg = Debug|Any CPU
		{F18611FB-ED75-46A8-BA74-8FEE6C325B69}.Debug|Any CPU.Build.0 = Debug|Any CPU
		{F18611FB-ED75-46A8-BA74-8FEE6C325B69}.Release|Any CPU.ActiveCfg = Release|Any CPU
		{F18611FB-ED75-46A8-BA74-8FEE6C325B69}.Release|Any CPU.Build.0 = Release|Any CPU
		{06870AC3-0A04-4366-BD42-09D5D951AA2A}.Debug|Any CPU.ActiveCfg = Debug|Any CPU
		{06870AC3-0A04-4366-BD42-09D5D951AA2A}.Debug|Any CPU.Build.0 = Debug|Any CPU
		{06870AC3-0A04-4366-BD42-09D5D951AA2A}.Release|Any CPU.ActiveCfg = Release|Any CPU
		{06870AC3-0A04-4366-BD42-09D5D951AA2A}.Release|Any CPU.Build.0 = Release|Any CPU
		{90F012A8-A81D-45D8-9B30-9BABB4FDAA77}.Debug|Any CPU.ActiveCfg = Debug|Any CPU
		{90F012A8-A81D-45D8-9B30-9BABB4FDAA77}.Debug|Any CPU.Build.0 = Debug|Any CPU
		{90F012A8-A81D-45D8-9B30-9BABB4FDAA77}.Release|Any CPU.ActiveCfg = Release|Any CPU
		{90F012A8-A81D-45D8-9B30-9BABB4FDAA77}.Release|Any CPU.Build.0 = Release|Any CPU
	EndGlobalSection
	GlobalSection(SolutionProperties) = preSolution
		HideSolutionNode = FALSE
	EndGlobalSection
	GlobalSection(ExtensibilityGlobals) = postSolution
		SolutionGuid = {B41828F0-A110-4644-A6A0-528B5294E0B3}
	EndGlobalSection
EndGlobal
